
Microsoft Visual Studio Solution File, Format Version 12.00
# Visual Studio Version 17
VisualStudioVersion = 17.14.36518.9
MinimumVisualStudioVersion = 10.0.40219.1
Project("{FAE04EC0-301F-11D3-BF4B-00C04F79EFBC}") = "Examen_Doctores_Especialidades", "Examen_Doctores_Especialidades\Examen_Doctores_Especialidades.csproj", "{86ACA8A1-1BBF-4D21-ACD9-0EA5775E18CC}"
EndProject
Global
	GlobalSection(SolutionConfigurationPlatforms) = preSolution
		Debug|Any CPU = Debug|Any CPU
		Release|Any CPU = Release|Any CPU
	EndGlobalSection
	GlobalSection(ProjectConfigurationPlatforms) = postSolution
		{86ACA8A1-1BBF-4D21-ACD9-0EA5775E18CC}.Debug|Any CPU.ActiveCfg = Debug|Any CPU
		{86ACA8A1-1BBF-4D21-ACD9-0EA5775E18CC}.Debug|Any CPU.Build.0 = Debug|Any CPU
		{86ACA8A1-1BBF-4D21-ACD9-0EA5775E18CC}.Release|Any CPU.ActiveCfg = Release|Any CPU
		{86ACA8A1-1BBF-4D21-ACD9-0EA5775E18CC}.Release|Any CPU.Build.0 = Release|Any CPU
	EndGlobalSection
	GlobalSection(SolutionProperties) = preSolution
		HideSolutionNode = FALSE
	EndGlobalSection
	GlobalSection(ExtensibilityGlobals) = postSolution
		SolutionGuid = {F5AC81F6-AFEC-4D1E-A97E-3D5CF820F2CC}
	EndGlobalSection
EndGlobal
